// !$*UTF8*$!
{
	archiveVersion = 1;
	classes = {
	};
	objectVersion = 55;
	objects = {

/* Begin PBXBuildFile section */
		840CE1CD276E1CDD004C0A64 /* AppDelegate.swift in Sources */ = {isa = PBXBuildFile; fileRef = 840CE1CC276E1CDD004C0A64 /* AppDelegate.swift */; };
		840CE1CF276E1CDD004C0A64 /* SceneDelegate.swift in Sources */ = {isa = PBXBuildFile; fileRef = 840CE1CE276E1CDD004C0A64 /* SceneDelegate.swift */; };
		840CE1D1276E1CDD004C0A64 /* ViewController.swift in Sources */ = {isa = PBXBuildFile; fileRef = 840CE1D0276E1CDD004C0A64 /* ViewController.swift */; };
		840CE1D4276E1CDD004C0A64 /* Main.storyboard in Resources */ = {isa = PBXBuildFile; fileRef = 840CE1D2276E1CDD004C0A64 /* Main.storyboard */; };
		840CE1D7276E1CDD004C0A64 /* TodoList_App.xcdatamodeld in Sources */ = {isa = PBXBuildFile; fileRef = 840CE1D5276E1CDD004C0A64 /* TodoList_App.xcdatamodeld */; };
		840CE1D9276E1CE1004C0A64 /* Assets.xcassets in Resources */ = {isa = PBXBuildFile; fileRef = 840CE1D8276E1CE1004C0A64 /* Assets.xcassets */; };
		840CE1DC276E1CE1004C0A64 /* LaunchScreen.storyboard in Resources */ = {isa = PBXBuildFile; fileRef = 840CE1DA276E1CE1004C0A64 /* LaunchScreen.storyboard */; };
		840CE1E4276E1F22004C0A64 /* TableViewController.swift in Sources */ = {isa = PBXBuildFile; fileRef = 840CE1E3276E1F22004C0A64 /* TableViewController.swift */; };
		840CE1E6276E4016004C0A64 /* TableViewCell.swift in Sources */ = {isa = PBXBuildFile; fileRef = 840CE1E5276E4016004C0A64 /* TableViewCell.swift */; };
		840CE1E9276E4EB4004C0A64 /* ItemEntity+CoreDataClass.swift in Sources */ = {isa = PBXBuildFile; fileRef = 840CE1E7276E4EB4004C0A64 /* ItemEntity+CoreDataClass.swift */; };
		840CE1EA276E4EB4004C0A64 /* ItemEntity+CoreDataProperties.swift in Sources */ = {isa = PBXBuildFile; fileRef = 840CE1E8276E4EB4004C0A64 /* ItemEntity+CoreDataProperties.swift */; };
/* End PBXBuildFile section */

/* Begin PBXFileReference section */
		840CE1C9276E1CDD004C0A64 /* TodoList App.app */ = {isa = PBXFileReference; explicitFileType = wrapper.application; includeInIndex = 0; path = "TodoList App.app"; sourceTree = BUILT_PRODUCTS_DIR; };
		840CE1CC276E1CDD004C0A64 /* AppDelegate.swift */ = {isa = PBXFileReference; lastKnownFileType = sourcecode.swift; path = AppDelegate.swift; sourceTree = "<group>"; };
		840CE1CE276E1CDD004C0A64 /* SceneDelegate.swift */ = {isa = PBXFileReference; lastKnownFileType = sourcecode.swift; path = SceneDelegate.swift; sourceTree = "<group>"; };
		840CE1D0276E1CDD004C0A64 /* ViewController.swift */ = {isa = PBXFileReference; lastKnownFileType = sourcecode.swift; path = ViewController.swift; sourceTree = "<group>"; };
		840CE1D3276E1CDD004C0A64 /* Base */ = {isa = PBXFileReference; lastKnownFileType = file.storyboard; name = Base; path = Base.lproj/Main.storyboard; sourceTree = "<group>"; };
		840CE1D6276E1CDD004C0A64 /* TodoList_App.xcdatamodel */ = {isa = PBXFileReference; lastKnownFileType = wrapper.xcdatamodel; path = TodoList_App.xcdatamodel; sourceTree = "<group>"; };
		840CE1D8276E1CE1004C0A64 /* Assets.xcassets */ = {isa = PBXFileReference; lastKnownFileType = folder.assetcatalog; path = Assets.xcassets; sourceTree = "<group>"; };
		840CE1DB276E1CE1004C0A64 /* Base */ = {isa = PBXFileReference; lastKnownFileType = file.storyboard; name = Base; path = Base.lproj/LaunchScreen.storyboard; sourceTree = "<group>"; };
		840CE1DD276E1CE1004C0A64 /* Info.plist */ = {isa = PBXFileReference; lastKnownFileType = text.plist.xml; path = Info.plist; sourceTree = "<group>"; };
		840CE1E3276E1F22004C0A64 /* TableViewController.swift */ = {isa = PBXFileReference; lastKnownFileType = sourcecode.swift; path = TableViewController.swift; sourceTree = "<group>"; };
		840CE1E5276E4016004C0A64 /* TableViewCell.swift */ = {isa = PBXFileReference; lastKnownFileType = sourcecode.swift; path = TableViewCell.swift; sourceTree = "<group>"; };
		840CE1E7276E4EB4004C0A64 /* ItemEntity+CoreDataClass.swift */ = {isa = PBXFileReference; lastKnownFileType = sourcecode.swift; path = "ItemEntity+CoreDataClass.swift"; sourceTree = "<group>"; };
		840CE1E8276E4EB4004C0A64 /* ItemEntity+CoreDataProperties.swift */ = {isa = PBXFileReference; lastKnownFileType = sourcecode.swift; path = "ItemEntity+CoreDataProperties.swift"; sourceTree = "<group>"; };
/* End PBXFileReference section */

/* Begin PBXFrameworksBuildPhase section */
		840CE1C6276E1CDD004C0A64 /* Frameworks */ = {
			isa = PBXFrameworksBuildPhase;
			buildActionMask = 2147483647;
			files = (
			);
			runOnlyForDeploymentPostprocessing = 0;
		};
/* End PBXFrameworksBuildPhase section */

/* Begin PBXGroup section */
		840CE1C0276E1CDD004C0A64 = {
			isa = PBXGroup;
			children = (
				840CE1E7276E4EB4004C0A64 /* ItemEntity+CoreDataClass.swift */,
				840CE1E8276E4EB4004C0A64 /* ItemEntity+CoreDataProperties.swift */,
				840CE1CB276E1CDD004C0A64 /* TodoList App */,
				840CE1CA276E1CDD004C0A64 /* Products */,
			);
			sourceTree = "<group>";
		};
		840CE1CA276E1CDD004C0A64 /* Products */ = {
			isa = PBXGroup;
			children = (
				840CE1C9276E1CDD004C0A64 /* TodoList App.app */,
			);
			name = Products;
			sourceTree = "<group>";
		};
		840CE1CB276E1CDD004C0A64 /* TodoList App */ = {
			isa = PBXGroup;
			children = (
				840CE1CC276E1CDD004C0A64 /* AppDelegate.swift */,
				840CE1CE276E1CDD004C0A64 /* SceneDelegate.swift */,
				840CE1D0276E1CDD004C0A64 /* ViewController.swift */,
				840CE1E3276E1F22004C0A64 /* TableViewController.swift */,
				840CE1E5276E4016004C0A64 /* TableViewCell.swift */,
				840CE1D2276E1CDD004C0A64 /* Main.storyboard */,
				840CE1D8276E1CE1004C0A64 /* Assets.xcassets */,
				840CE1DA276E1CE1004C0A64 /* LaunchScreen.storyboard */,
				840CE1DD276E1CE1004C0A64 /* Info.plist */,
				840CE1D5276E1CDD004C0A64 /* TodoList_App.xcdatamodeld */,
			);
			path = "TodoList App";
			sourceTree = "<group>";
		};
/* End PBXGroup section */

/* Begin PBXNativeTarget section */
		840CE1C8276E1CDD004C0A64 /* TodoList App */ = {
			isa = PBXNativeTarget;
			buildConfigurationList = 840CE1E0276E1CE1004C0A64 /* Build configuration list for PBXNativeTarget "TodoList App" */;
			buildPhases = (
				840CE1C5276E1CDD004C0A64 /* Sources */,
				840CE1C6276E1CDD004C0A64 /* Frameworks */,
				840CE1C7276E1CDD004C0A64 /* Resources */,
			);
			buildRules = (
			);
			dependencies = (
			);
			name = "TodoList App";
			productName = "TodoList App";
			productReference = 840CE1C9276E1CDD004C0A64 /* TodoList App.app */;
			productType = "com.apple.product-type.application";
		};
/* End PBXNativeTarget section */

/* Begin PBXProject section */
		840CE1C1276E1CDD004C0A64 /* Project object */ = {
			isa = PBXProject;
			attributes = {
				BuildIndependentTargetsInParallel = 1;
				LastSwiftUpdateCheck = 1310;
				LastUpgradeCheck = 1310;
				TargetAttributes = {
					840CE1C8276E1CDD004C0A64 = {
						CreatedOnToolsVersion = 13.1;
					};
				};
			};
			buildConfigurationList = 840CE1C4276E1CDD004C0A64 /* Build configuration list for PBXProject "TodoList App" */;
			compatibilityVersion = "Xcode 13.0";
			developmentRegion = en;
			hasScannedForEncodings = 0;
			knownRegions = (
				en,
				Base,
			);
			mainGroup = 840CE1C0276E1CDD004C0A64;
			productRefGroup = 840CE1CA276E1CDD004C0A64 /* Products */;
			projectDirPath = "";
			projectRoot = "";
			targets = (
				840CE1C8276E1CDD004C0A64 /* TodoList App */,
			);
		};
/* End PBXProject section */

/* Begin PBXResourcesBuildPhase section */
		840CE1C7276E1CDD004C0A64 /* Resources */ = {
			isa = PBXResourcesBuildPhase;
			buildActionMask = 2147483647;
			files = (
				840CE1DC276E1CE1004C0A64 /* LaunchScreen.storyboard in Resources */,
				840CE1D9276E1CE1004C0A64 /* Assets.xcassets in Resources */,
				840CE1D4276E1CDD004C0A64 /* Main.storyboard in Resources */,
			);
			runOnlyForDeploymentPostprocessing = 0;
		};
/* End PBXResourcesBuildPhase section */

/* Begin PBXSourcesBuildPhase section */
		840CE1C5276E1CDD004C0A64 /* Sources */ = {
			isa = PBXSourcesBuildPhase;
			buildActionMask = 2147483647;
			files = (
				840CE1D1276E1CDD004C0A64 /* ViewController.swift in Sources */,
				840CE1E9276E4EB4004C0A64 /* ItemEntity+CoreDataClass.swift in Sources */,
				840CE1CD276E1CDD004C0A64 /* AppDelegate.swift in Sources */,
				840CE1CF276E1CDD004C0A64 /* SceneDelegate.swift in Sources */,
				840CE1E6276E4016004C0A64 /* TableViewCell.swift in Sources */,
				840CE1EA276E4EB4004C0A64 /* ItemEntity+CoreDataProperties.swift in Sources */,
				840CE1E4276E1F22004C0A64 /* TableViewController.swift in Sources */,
				840CE1D7276E1CDD004C0A64 /* TodoList_App.xcdatamodeld in Sources */,
			);
			runOnlyForDeploymentPostprocessing = 0;
		};
/* End PBXSourcesBuildPhase section */

/* Begin PBXVariantGroup section */
		840CE1D2276E1CDD004C0A64 /* Main.storyboard */ = {
			isa = PBXVariantGroup;
			children = (
				840CE1D3276E1CDD004C0A64 /* Base */,
			);
			name = Main.storyboard;
			sourceTree = "<group>";
		};
		840CE1DA276E1CE1004C0A64 /* LaunchScreen.storyboard */ = {
			isa = PBXVariantGroup;
			children = (
				840CE1DB276E1CE1004C0A64 /* Base */,
			);
			name = LaunchScreen.storyboard;
			sourceTree = "<group>";
		};
/* End PBXVariantGroup section */

/* Begin XCBuildConfiguration section */
		840CE1DE276E1CE1004C0A64 /* Debug */ = {
			isa = XCBuildConfiguration;
			buildSettings = {
				ALWAYS_SEARCH_USER_PATHS = NO;
				CLANG_ANALYZER_NONNULL = YES;
				CLANG_ANALYZER_NUMBER_OBJECT_CONVERSION = YES_AGGRESSIVE;
				CLANG_CXX_LANGUAGE_STANDARD = "gnu++17";
				CLANG_CXX_LIBRARY = "libc++";
				CLANG_ENABLE_MODULES = YES;
				CLANG_ENABLE_OBJC_ARC = YES;
				CLANG_ENABLE_OBJC_WEAK = YES;
				CLANG_WARN_BLOCK_CAPTURE_AUTORELEASING = YES;
				CLANG_WARN_BOOL_CONVERSION = YES;
				CLANG_WARN_COMMA = YES;
				CLANG_WARN_CONSTANT_CONVERSION = YES;
				CLANG_WARN_DEPRECATED_OBJC_IMPLEMENTATIONS = YES;
				CLANG_WARN_DIRECT_OBJC_ISA_USAGE = YES_ERROR;
				CLANG_WARN_DOCUMENTATION_COMMENTS = YES;
				CLANG_WARN_EMPTY_BODY = YES;
				CLANG_WARN_ENUM_CONVERSION = YES;
				CLANG_WARN_INFINITE_RECURSION = YES;
				CLANG_WARN_INT_CONVERSION = YES;
				CLANG_WARN_NON_LITERAL_NULL_CONVERSION = YES;
				CLANG_WARN_OBJC_IMPLICIT_RETAIN_SELF = YES;
				CLANG_WARN_OBJC_LITERAL_CONVERSION = YES;
				CLANG_WARN_OBJC_ROOT_CLASS = YES_ERROR;
				CLANG_WARN_QUOTED_INCLUDE_IN_FRAMEWORK_HEADER = YES;
				CLANG_WARN_RANGE_LOOP_ANALYSIS = YES;
				CLANG_WARN_STRICT_PROTOTYPES = YES;
				CLANG_WARN_SUSPICIOUS_MOVE = YES;
				CLANG_WARN_UNGUARDED_AVAILABILITY = YES_AGGRESSIVE;
				CLANG_WARN_UNREACHABLE_CODE = YES;
				CLANG_WARN__DUPLICATE_METHOD_MATCH = YES;
				COPY_PHASE_STRIP = NO;
				DEBUG_INFORMATION_FORMAT = dwarf;
				ENABLE_STRICT_OBJC_MSGSEND = YES;
				ENABLE_TESTABILITY = YES;
				GCC_C_LANGUAGE_STANDARD = gnu11;
				GCC_DYNAMIC_NO_PIC = NO;
				GCC_NO_COMMON_BLOCKS = YES;
				GCC_OPTIMIZATION_LEVEL = 0;
				GCC_PREPROCESSOR_DEFINITIONS = (
					"DEBUG=1",
					"$(inherited)",
				);
				GCC_WARN_64_TO_32_BIT_CONVERSION = YES;
				GCC_WARN_ABOUT_RETURN_TYPE = YES_ERROR;
				GCC_WARN_UNDECLARED_SELECTOR = YES;
				GCC_WARN_UNINITIALIZED_AUTOS = YES_AGGRESSIVE;
				GCC_WARN_UNUSED_FUNCTION = YES;
				GCC_WARN_UNUSED_VARIABLE = YES;
				IPHONEOS_DEPLOYMENT_TARGET = 15.0;
				MTL_ENABLE_DEBUG_INFO = INCLUDE_SOURCE;
				MTL_FAST_MATH = YES;
				ONLY_ACTIVE_ARCH = YES;
				SDKROOT = iphoneos;
				SWIFT_ACTIVE_COMPILATION_CONDITIONS = DEBUG;
				SWIFT_OPTIMIZATION_LEVEL = "-Onone";
			};
			name = Debug;
		};
		840CE1DF276E1CE1004C0A64 /* Release */ = {
			isa = XCBuildConfiguration;
			buildSettings = {
				ALWAYS_SEARCH_USER_PATHS = NO;
				CLANG_ANALYZER_NONNULL = YES;
				CLANG_ANALYZER_NUMBER_OBJECT_CONVERSION = YES_AGGRESSIVE;
				CLANG_CXX_LANGUAGE_STANDARD = "gnu++17";
				CLANG_CXX_LIBRARY = "libc++";
				CLANG_ENABLE_MODULES = YES;
				CLANG_ENABLE_OBJC_ARC = YES;
				CLANG_ENABLE_OBJC_WEAK = YES;
				CLANG_WARN_BLOCK_CAPTURE_AUTORELEASING = YES;
				CLANG_WARN_BOOL_CONVERSION = YES;
				CLANG_WARN_COMMA = YES;
				CLANG_WARN_CONSTANT_CONVERSION = YES;
				CLANG_WARN_DEPRECATED_OBJC_IMPLEMENTATIONS = YES;
				CLANG_WARN_DIRECT_OBJC_ISA_USAGE = YES_ERROR;
				CLANG_WARN_DOCUMENTATION_COMMENTS = YES;
				CLANG_WARN_EMPTY_BODY = YES;
				CLANG_WARN_ENUM_CONVERSION = YES;
				CLANG_WARN_INFINITE_RECURSION = YES;
				CLANG_WARN_INT_CONVERSION = YES;
				CLANG_WARN_NON_LITERAL_NULL_CONVERSION = YES;
				CLANG_WARN_OBJC_IMPLICIT_RETAIN_SELF = YES;
				CLANG_WARN_OBJC_LITERAL_CONVERSION = YES;
				CLANG_WARN_OBJC_ROOT_CLASS = YES_ERROR;
				CLANG_WARN_QUOTED_INCLUDE_IN_FRAMEWORK_HEADER = YES;
				CLANG_WARN_RANGE_LOOP_ANALYSIS = YES;
				CLANG_WARN_STRICT_PROTOTYPES = YES;
				CLANG_WARN_SUSPICIOUS_MOVE = YES;
				CLANG_WARN_UNGUARDED_AVAILABILITY = YES_AGGRESSIVE;
				CLANG_WARN_UNREACHABLE_CODE = YES;
				CLANG_WARN__DUPLICATE_METHOD_MATCH = YES;
				COPY_PHASE_STRIP = NO;
				DEBUG_INFORMATION_FORMAT = "dwarf-with-dsym";
				ENABLE_NS_ASSERTIONS = NO;
				ENABLE_STRICT_OBJC_MSGSEND = YES;
				GCC_C_LANGUAGE_STANDARD = gnu11;
				GCC_NO_COMMON_BLOCKS = YES;
				GCC_WARN_64_TO_32_BIT_CONVERSION = YES;
				GCC_WARN_ABOUT_RETURN_TYPE = YES_ERROR;
				GCC_WARN_UNDECLARED_SELECTOR = YES;
				GCC_WARN_UNINITIALIZED_AUTOS = YES_AGGRESSIVE;
				GCC_WARN_UNUSED_FUNCTION = YES;
				GCC_WARN_UNUSED_VARIABLE = YES;
				IPHONEOS_DEPLOYMENT_TARGET = 15.0;
				MTL_ENABLE_DEBUG_INFO = NO;
				MTL_FAST_MATH = YES;
				SDKROOT = iphoneos;
				SWIFT_COMPILATION_MODE = wholemodule;
				SWIFT_OPTIMIZATION_LEVEL = "-O";
				VALIDATE_PRODUCT = YES;
			};
			name = Release;
		};
		840CE1E1276E1CE1004C0A64 /* Debug */ = {
			isa = XCBuildConfiguration;
			buildSettings = {
				ASSETCATALOG_COMPILER_APPICON_NAME = AppIcon;
				ASSETCATALOG_COMPILER_GLOBAL_ACCENT_COLOR_NAME = AccentColor;
				CODE_SIGN_STYLE = Automatic;
				CURRENT_PROJECT_VERSION = 1;
				GENERATE_INFOPLIST_FILE = YES;
				INFOPLIST_FILE = "TodoList App/Info.plist";
				INFOPLIST_KEY_UIApplicationSupportsIndirectInputEvents = YES;
				INFOPLIST_KEY_UILaunchStoryboardName = LaunchScreen;
				INFOPLIST_KEY_UIMainStoryboardFile = Main;
				INFOPLIST_KEY_UISupportedInterfaceOrientations_iPad = "UIInterfaceOrientationPortrait UIInterfaceOrientationPortraitUpsideDown UIInterfaceOrientationLandscapeLeft UIInterfaceOrientationLandscapeRight";
				INFOPLIST_KEY_UISupportedInterfaceOrientations_iPhone = "UIInterfaceOrientationPortrait UIInterfaceOrientationLandscapeLeft UIInterfaceOrientationLandscapeRight";
				LD_RUNPATH_SEARCH_PATHS = (
					"$(inherited)",
					"@executable_path/Frameworks",
				);
				MARKETING_VERSION = 1.0;
				PRODUCT_BUNDLE_IDENTIFIER = "asmaaalshareef.TodoList-App";
				PRODUCT_NAME = "$(TARGET_NAME)";
				SWIFT_EMIT_LOC_STRINGS = YES;
				SWIFT_VERSION = 5.0;
				TARGETED_DEVICE_FAMILY = "1,2";
			};
			name = Debug;
		};
		840CE1E2276E1CE1004C0A64 /* Release */ = {
			isa = XCBuildConfiguration;
			buildSettings = {
				ASSETCATALOG_COMPILER_APPICON_NAME = AppIcon;
				ASSETCATALOG_COMPILER_GLOBAL_ACCENT_COLOR_NAME = AccentColor;
				CODE_SIGN_STYLE = Automatic;
				CURRENT_PROJECT_VERSION = 1;
				GENERATE_INFOPLIST_FILE = YES;
				INFOPLIST_FILE = "TodoList App/Info.plist";
				INFOPLIST_KEY_UIApplicationSupportsIndirectInputEvents = YES;
				INFOPLIST_KEY_UILaunchStoryboardName = LaunchScreen;
				INFOPLIST_KEY_UIMainStoryboardFile = Main;
				INFOPLIST_KEY_UISupportedInterfaceOrientations_iPad = "UIInterfaceOrientationPortrait UIInterfaceOrientationPortraitUpsideDown UIInterfaceOrientationLandscapeLeft UIInterfaceOrientationLandscapeRight";
				INFOPLIST_KEY_UISupportedInterfaceOrientations_iPhone = "UIInterfaceOrientationPortrait UIInterfaceOrientationLandscapeLeft UIInterfaceOrientationLandscapeRight";
				LD_RUNPATH_SEARCH_PATHS = (
					"$(inherited)",
					"@executable_path/Frameworks",
				);
				MARKETING_VERSION = 1.0;
				PRODUCT_BUNDLE_IDENTIFIER = "asmaaalshareef.TodoList-App";
				PRODUCT_NAME = "$(TARGET_NAME)";
				SWIFT_EMIT_LOC_STRINGS = YES;
				SWIFT_VERSION = 5.0;
				TARGETED_DEVICE_FAMILY = "1,2";
			};
			name = Release;
		};
/* End XCBuildConfiguration section */

/* Begin XCConfigurationList section */
		840CE1C4276E1CDD004C0A64 /* Build configuration list for PBXProject "TodoList App" */ = {
			isa = XCConfigurationList;
			buildConfigurations = (
				840CE1DE276E1CE1004C0A64 /* Debug */,
				840CE1DF276E1CE1004C0A64 /* Release */,
			);
			defaultConfigurationIsVisible = 0;
			defaultConfigurationName = Release;
		};
		840CE1E0276E1CE1004C0A64 /* Build configuration list for PBXNativeTarget "TodoList App" */ = {
			isa = XCConfigurationList;
			buildConfigurations = (
				840CE1E1276E1CE1004C0A64 /* Debug */,
				840CE1E2276E1CE1004C0A64 /* Release */,
			);
			defaultConfigurationIsVisible = 0;
			defaultConfigurationName = Release;
		};
/* End XCConfigurationList section */

/* Begin XCVersionGroup section */
		840CE1D5276E1CDD004C0A64 /* TodoList_App.xcdatamodeld */ = {
			isa = XCVersionGroup;
			children = (
				840CE1D6276E1CDD004C0A64 /* TodoList_App.xcdatamodel */,
			);
			currentVersion = 840CE1D6276E1CDD004C0A64 /* TodoList_App.xcdatamodel */;
			path = TodoList_App.xcdatamodeld;
			sourceTree = "<group>";
			versionGroupType = wrapper.xcdatamodel;
		};
/* End XCVersionGroup section */
	};
	rootObject = 840CE1C1276E1CDD004C0A64 /* Project object */;
}
